
Microsoft Visual Studio Solution File, Format Version 12.00
# Visual Studio 15
VisualStudioVersion = 15.0.28307.438
MinimumVisualStudioVersion = 10.0.40219.1
Project("{9A19103F-16F7-4668-BE54-9A1E7A4F7556}") = "jwt", "jwt\jwt.csproj", "{BC13F10C-63C3-4610-8E62-4425F4AA4A78}"
EndProject
Project("{9A19103F-16F7-4668-BE54-9A1E7A4F7556}") = "MongoData", "MongoData\MongoData.csproj", "{8C86D7CC-59C3-4497-828A-F608F710F812}"
EndProject
Global
	GlobalSection(SolutionConfigurationPlatforms) = preSolution
		Debug|Any CPU = Debug|Any CPU
		Release|Any CPU = Release|Any CPU
	EndGlobalSection
	GlobalSection(ProjectConfigurationPlatforms) = postSolution
		{BC13F10C-63C3-4610-8E62-4425F4AA4A78}.Debug|Any CPU.ActiveCfg = Debug|Any CPU
		{BC13F10C-63C3-4610-8E62-4425F4AA4A78}.Debug|Any CPU.Build.0 = Debug|Any CPU
		{BC13F10C-63C3-4610-8E62-4425F4AA4A78}.Release|Any CPU.ActiveCfg = Release|Any CPU
		{BC13F10C-63C3-4610-8E62-4425F4AA4A78}.Release|Any CPU.Build.0 = Release|Any CPU
		{8C86D7CC-59C3-4497-828A-F608F710F812}.Debug|Any CPU.ActiveCfg = Debug|Any CPU
		{8C86D7CC-59C3-4497-828A-F608F710F812}.Debug|Any CPU.Build.0 = Debug|Any CPU
		{8C86D7CC-59C3-4497-828A-F608F710F812}.Release|Any CPU.ActiveCfg = Release|Any CPU
		{8C86D7CC-59C3-4497-828A-F608F710F812}.Release|Any CPU.Build.0 = Release|Any CPU
	EndGlobalSection
	GlobalSection(SolutionProperties) = preSolution
		HideSolutionNode = FALSE
	EndGlobalSection
	GlobalSection(ExtensibilityGlobals) = postSolution
		SolutionGuid = {4F1A6629-8AA1-4BB7-BAEE-32172A864624}
	EndGlobalSection
EndGlobal
